{
  "version": 4,
  "terraform_version": "1.8.5",
  "serial": 14,
  "lineage": "a04893b9-3df2-7bb8-b132-d16eddeea94a",
  "outputs": {
    "instance_info": {
      "value": {
        "address": "51.159.176.216",
        "structure": "PRO2-XS"
      },
      "type": [
        "object",
        {
          "address": "string",
          "structure": "string"
        }
      ]
    }
  },
  "resources": [
    {
      "mode": "managed",
      "type": "scaleway_instance_ip",
      "name": "public_ip",
      "provider": "provider[\"registry.terraform.io/scaleway/scaleway\"]",
      "instances": [
        {
          "schema_version": 0,
          "attributes": {
            "address": "51.159.176.216",
            "id": "fr-par-2/6c091612-a433-4d05-aa21-4e3b774863a8",
            "organization_id": "c67c5f68-50b5-450f-af3b-f6bd2c353718",
            "prefix": "51.159.176.216/32",
            "project_id": "c67c5f68-50b5-450f-af3b-f6bd2c353718",
            "reverse": "",
            "server_id": "",
            "tags": null,
            "timeouts": null,
            "type": "routed_ipv4",
            "zone": "fr-par-2"
          },
          "sensitive_attributes": [],
          "private": "eyJlMmJmYjczMC1lY2FhLTExZTYtOGY4OC0zNDM2M2JjN2M0YzAiOnsiY3JlYXRlIjo2MDAwMDAwMDAwMCwiZGVmYXVsdCI6NjAwMDAwMDAwMDAsImRlbGV0ZSI6NjAwMDAwMDAwMDAsInJlYWQiOjYwMDAwMDAwMDAwLCJ1cGRhdGUiOjYwMDAwMDAwMDAwfX0="
        }
      ]
    },
    {
      "mode": "managed",
      "type": "scaleway_instance_server",
      "name": "homeflix",
      "provider": "provider[\"registry.terraform.io/scaleway/scaleway\"]",
      "instances": [
        {
          "schema_version": 0,
          "attributes": {
            "additional_volume_ids": null,
            "boot_type": "local",
            "bootscript_id": "e6a56379-9ef4-48d4-a1d2-12b475e0fed8",
            "cloud_init": null,
            "enable_dynamic_ip": false,
            "enable_ipv6": false,
            "id": "fr-par-2/8121da6f-6732-40d7-9b56-28c3f5092a32",
            "image": "ubuntu_jammy",
            "ip_id": "fr-par-2/6c091612-a433-4d05-aa21-4e3b774863a8",
            "ip_ids": null,
            "ipv6_address": "",
            "ipv6_gateway": "",
            "ipv6_prefix_length": 0,
            "name": "homeflix",
            "organization_id": "c67c5f68-50b5-450f-af3b-f6bd2c353718",
            "placement_group_id": null,
            "placement_group_policy_respected": null,
            "private_ip": null,
            "private_network": [],
            "project_id": "c67c5f68-50b5-450f-af3b-f6bd2c353718",
            "public_ip": "51.159.176.216",
            "public_ips": [
              {
                "address": "51.159.176.216",
                "id": "fr-par-2/6c091612-a433-4d05-aa21-4e3b774863a8"
              }
            ],
            "replace_on_type_change": false,
            "root_volume": [
              {
                "boot": false,
                "delete_on_termination": true,
                "name": "Ubuntu 22.04 Jammy Jellyfish",
                "size_in_gb": 60,
                "volume_id": "fr-par-2/2dbd6041-028c-4372-9857-77ef689d97e6",
                "volume_type": "b_ssd"
              }
            ],
            "routed_ip_enabled": true,
            "security_group_id": "fr-par-2/fd9c6694-d012-4701-a955-e4d18ca46f72",
            "state": "started",
            "tags": [
              "homeflix",
              "kubernetes"
            ],
            "timeouts": null,
            "type": "PRO2-XS",
            "user_data": {
              "cloud-init": "#cloud-config\n\nruncmd:\n  - curl -sSLf https://get.k0s.sh | sudo sh\n  - k0s install controller --single\n  - systemctl daemon-reload\n  - k0s start\n  - mkdir -p /srv/pv/{db-data,db-claim1,db-claim0}\n  - sleep 10\n  - k0s kubectl apply -f https://raw.githubusercontent.com/r3m8/homeflix/main/db-claim0-persistentvolume.yaml\n  - k0s kubectl apply -f https://raw.githubusercontent.com/r3m8/homeflix/main/db-claim1-persistentvolume.yaml\n  - k0s kubectl apply -f https://raw.githubusercontent.com/r3m8/homeflix/main/db-data-persistentvolume.yaml\n  - k0s kubectl apply -f https://raw.githubusercontent.com/r3m8/homeflix/main/db-claim0-persistentvolumeclaim.yaml\n  - k0s kubectl apply -f https://raw.githubusercontent.com/r3m8/homeflix/main/db-claim1-persistentvolumeclaim.yaml\n  - k0s kubectl apply -f https://raw.githubusercontent.com/r3m8/homeflix/main/db-data-persistentvolumeclaim.yaml\n  - k0s kubectl apply -f https://raw.githubusercontent.com/r3m8/homeflix/main/db-deployment.yaml\n  - k0s kubectl apply -f https://raw.githubusercontent.com/r3m8/homeflix/main/db-service.yaml\n  - k0s kubectl apply -f https://raw.githubusercontent.com/r3m8/homeflix/main/web-deployment.yaml\n  - k0s kubectl apply -f https://raw.githubusercontent.com/r3m8/homeflix/main/web-service.yaml\n  - k0s kubectl apply -f https://raw.githubusercontent.com/r3m8/homeflix/main/php-service.yaml\n  - k0s kubectl apply -f https://raw.githubusercontent.com/r3m8/homeflix/main/php-deployment.yaml\n  - k0s kubectl apply -f https://raw.githubusercontent.com/r3m8/homeflix/main/init-db-configmap.yaml"
            },
            "zone": "fr-par-2"
          },
          "sensitive_attributes": [],
          "private": "eyJlMmJmYjczMC1lY2FhLTExZTYtOGY4OC0zNDM2M2JjN2M0YzAiOnsiY3JlYXRlIjo2MDAwMDAwMDAwMDAsImRlZmF1bHQiOjYwMDAwMDAwMDAwMCwiZGVsZXRlIjo2MDAwMDAwMDAwMDAsInJlYWQiOjYwMDAwMDAwMDAwMCwidXBkYXRlIjo2MDAwMDAwMDAwMDB9fQ==",
          "dependencies": [
            "scaleway_instance_ip.public_ip"
          ]
        }
      ]
    }
  ],
  "check_results": null
}
